
Microsoft Visual Studio Solution File, Format Version 12.00
# Visual Studio Version 17
VisualStudioVersion = 17.6.33815.320
MinimumVisualStudioVersion = 10.0.40219.1
Project("{8BC9CEB8-8B4A-11D0-8D11-00A0C91BC942}") = "_3D", "_3D.vcxproj", "{8529F785-9E93-48D1-9D96-02573C84730F}"
EndProject
Project("{2150E333-8FDC-42A3-9474-1A3956D46DE8}") = "EGE20.08", "EGE20.08", "{99633736-0091-490F-9287-7AD451174046}"
	ProjectSection(SolutionItems) = preProject
		EGE20.08\ege.h = EGE20.08\ege.h
		EGE20.08\graphics.h = EGE20.08\graphics.h
		EGE20.08\graphics64.lib = EGE20.08\graphics64.lib
	EndProjectSection
EndProject
Project("{2150E333-8FDC-42A3-9474-1A3956D46DE8}") = "ege", "ege", "{5515AE75-1777-4E95-BC76-D6133D9532BE}"
	ProjectSection(SolutionItems) = preProject
		EGE20.08\ege\button.h = EGE20.08\ege\button.h
		EGE20.08\ege\egecontrolbase.h = EGE20.08\ege\egecontrolbase.h
		EGE20.08\ege\fps.h = EGE20.08\ege\fps.h
		EGE20.08\ege\label.h = EGE20.08\ege\label.h
		EGE20.08\ege\sys_edit.h = EGE20.08\ege\sys_edit.h
	EndProjectSection
EndProject
Project("{2150E333-8FDC-42A3-9474-1A3956D46DE8}") = "解决方案项", "解决方案项", "{B19BB448-6CDE-46B3-8594-DCB9904AE5E2}"
	ProjectSection(SolutionItems) = preProject
		.editorconfig = .editorconfig
	EndProjectSection
EndProject
Global
	GlobalSection(SolutionConfigurationPlatforms) = preSolution
		Debug|x64 = Debug|x64
		Release|x64 = Release|x64
	EndGlobalSection
	GlobalSection(ProjectConfigurationPlatforms) = postSolution
		{8529F785-9E93-48D1-9D96-02573C84730F}.Debug|x64.ActiveCfg = Debug|x64
		{8529F785-9E93-48D1-9D96-02573C84730F}.Debug|x64.Build.0 = Debug|x64
		{8529F785-9E93-48D1-9D96-02573C84730F}.Release|x64.ActiveCfg = Release|x64
		{8529F785-9E93-48D1-9D96-02573C84730F}.Release|x64.Build.0 = Release|x64
	EndGlobalSection
	GlobalSection(SolutionProperties) = preSolution
		HideSolutionNode = FALSE
	EndGlobalSection
	GlobalSection(NestedProjects) = preSolution
		{5515AE75-1777-4E95-BC76-D6133D9532BE} = {99633736-0091-490F-9287-7AD451174046}
	EndGlobalSection
	GlobalSection(ExtensibilityGlobals) = postSolution
		SolutionGuid = {D6A8848F-0A51-47BB-AD59-AAAA15A34708}
	EndGlobalSection
EndGlobal
